
Microsoft Visual Studio Solution File, Format Version 12.00
# Visual Studio Version 17
VisualStudioVersion = 17.9.34622.214
MinimumVisualStudioVersion = 10.0.40219.1
Project("{FAE04EC0-301F-11D3-BF4B-00C04F79EFBC}") = "NMP_Lab4_02", "NMP_Lab4_02\NMP_Lab4_02.csproj", "{BEDE3814-FBEB-4EFB-97EB-D05BB79E029D}"
EndProject
Global
	GlobalSection(SolutionConfigurationPlatforms) = preSolution
		Debug|Any CPU = Debug|Any CPU
		Release|Any CPU = Release|Any CPU
	EndGlobalSection
	GlobalSection(ProjectConfigurationPlatforms) = postSolution
		{BEDE3814-FBEB-4EFB-97EB-D05BB79E029D}.Debug|Any CPU.ActiveCfg = Debug|Any CPU
		{BEDE3814-FBEB-4EFB-97EB-D05BB79E029D}.Debug|Any CPU.Build.0 = Debug|Any CPU
		{BEDE3814-FBEB-4EFB-97EB-D05BB79E029D}.Release|Any CPU.ActiveCfg = Release|Any CPU
		{BEDE3814-FBEB-4EFB-97EB-D05BB79E029D}.Release|Any CPU.Build.0 = Release|Any CPU
	EndGlobalSection
	GlobalSection(SolutionProperties) = preSolution
		HideSolutionNode = FALSE
	EndGlobalSection
	GlobalSection(ExtensibilityGlobals) = postSolution
		SolutionGuid = {AD85F797-4704-4AFA-847B-0CA16A7C6F4A}
	EndGlobalSection
EndGlobal
