
Microsoft Visual Studio Solution File, Format Version 12.00
# Visual Studio Version 17
VisualStudioVersion = 17.9.34622.214
MinimumVisualStudioVersion = 10.0.40219.1
Project("{FAE04EC0-301F-11D3-BF4B-00C04F79EFBC}") = "NMP-Lession03", "NMP-Lession03\NMP-Lession03.csproj", "{2739C29E-F218-4EFE-A9A2-5CFBCB553EFD}"
EndProject
Global
	GlobalSection(SolutionConfigurationPlatforms) = preSolution
		Debug|Any CPU = Debug|Any CPU
		Release|Any CPU = Release|Any CPU
	EndGlobalSection
	GlobalSection(ProjectConfigurationPlatforms) = postSolution
		{2739C29E-F218-4EFE-A9A2-5CFBCB553EFD}.Debug|Any CPU.ActiveCfg = Debug|Any CPU
		{2739C29E-F218-4EFE-A9A2-5CFBCB553EFD}.Debug|Any CPU.Build.0 = Debug|Any CPU
		{2739C29E-F218-4EFE-A9A2-5CFBCB553EFD}.Release|Any CPU.ActiveCfg = Release|Any CPU
		{2739C29E-F218-4EFE-A9A2-5CFBCB553EFD}.Release|Any CPU.Build.0 = Release|Any CPU
	EndGlobalSection
	GlobalSection(SolutionProperties) = preSolution
		HideSolutionNode = FALSE
	EndGlobalSection
	GlobalSection(ExtensibilityGlobals) = postSolution
		SolutionGuid = {165136DB-718D-444D-BFC8-362C3FD57773}
	EndGlobalSection
EndGlobal
