
Microsoft Visual Studio Solution File, Format Version 12.00
# Visual Studio Version 17
VisualStudioVersion = 17.10.34928.147
MinimumVisualStudioVersion = 10.0.40219.1
Project("{FAE04EC0-301F-11D3-BF4B-00C04F79EFBC}") = "NmpLesson08Db", "NmpLesson08Db.csproj", "{F4259287-F166-46A4-B560-E71FE1FFC640}"
EndProject
Global
	GlobalSection(SolutionConfigurationPlatforms) = preSolution
		Debug|Any CPU = Debug|Any CPU
		Release|Any CPU = Release|Any CPU
	EndGlobalSection
	GlobalSection(ProjectConfigurationPlatforms) = postSolution
		{F4259287-F166-46A4-B560-E71FE1FFC640}.Debug|Any CPU.ActiveCfg = Debug|Any CPU
		{F4259287-F166-46A4-B560-E71FE1FFC640}.Debug|Any CPU.Build.0 = Debug|Any CPU
		{F4259287-F166-46A4-B560-E71FE1FFC640}.Release|Any CPU.ActiveCfg = Release|Any CPU
		{F4259287-F166-46A4-B560-E71FE1FFC640}.Release|Any CPU.Build.0 = Release|Any CPU
	EndGlobalSection
	GlobalSection(SolutionProperties) = preSolution
		HideSolutionNode = FALSE
	EndGlobalSection
	GlobalSection(ExtensibilityGlobals) = postSolution
		SolutionGuid = {85AFF74B-BF19-4EE4-B3CB-F6532FF3D4B1}
	EndGlobalSection
EndGlobal
