
Microsoft Visual Studio Solution File, Format Version 12.00
# Visual Studio Version 17
VisualStudioVersion = 17.9.34622.214
MinimumVisualStudioVersion = 10.0.40219.1
Project("{FAE04EC0-301F-11D3-BF4B-00C04F79EFBC}") = "NmpLession03Demo", "NmpLession03Demo\NmpLession03Demo.csproj", "{CEF850DA-09F2-46A6-B667-162D1FFC6827}"
EndProject
Global
	GlobalSection(SolutionConfigurationPlatforms) = preSolution
		Debug|Any CPU = Debug|Any CPU
		Release|Any CPU = Release|Any CPU
	EndGlobalSection
	GlobalSection(ProjectConfigurationPlatforms) = postSolution
		{CEF850DA-09F2-46A6-B667-162D1FFC6827}.Debug|Any CPU.ActiveCfg = Debug|Any CPU
		{CEF850DA-09F2-46A6-B667-162D1FFC6827}.Debug|Any CPU.Build.0 = Debug|Any CPU
		{CEF850DA-09F2-46A6-B667-162D1FFC6827}.Release|Any CPU.ActiveCfg = Release|Any CPU
		{CEF850DA-09F2-46A6-B667-162D1FFC6827}.Release|Any CPU.Build.0 = Release|Any CPU
	EndGlobalSection
	GlobalSection(SolutionProperties) = preSolution
		HideSolutionNode = FALSE
	EndGlobalSection
	GlobalSection(ExtensibilityGlobals) = postSolution
		SolutionGuid = {04D9506F-FB67-40D3-BC34-142B29604274}
	EndGlobalSection
EndGlobal
