
Microsoft Visual Studio Solution File, Format Version 12.00
# Visual Studio Version 17
VisualStudioVersion = 17.9.34622.214
MinimumVisualStudioVersion = 10.0.40219.1
Project("{FAE04EC0-301F-11D3-BF4B-00C04F79EFBC}") = "lesson1", "lesson1\lesson1.csproj", "{60C8FA18-DCFE-4FC4-8443-093950ED2FA0}"
EndProject
Project("{FAE04EC0-301F-11D3-BF4B-00C04F79EFBC}") = "Lab01.1", "Lab01.1\Lab01.1.csproj", "{16FEE0CE-68F8-4222-861D-52596C326735}"
EndProject
Project("{FAE04EC0-301F-11D3-BF4B-00C04F79EFBC}") = "NMPLab01.2", "NMPLab01.2\NMPLab01.2.csproj", "{19674F70-AA17-4377-B595-366126DD3E1D}"
EndProject
Global
	GlobalSection(SolutionConfigurationPlatforms) = preSolution
		Debug|Any CPU = Debug|Any CPU
		Release|Any CPU = Release|Any CPU
	EndGlobalSection
	GlobalSection(ProjectConfigurationPlatforms) = postSolution
		{60C8FA18-DCFE-4FC4-8443-093950ED2FA0}.Debug|Any CPU.ActiveCfg = Debug|Any CPU
		{60C8FA18-DCFE-4FC4-8443-093950ED2FA0}.Debug|Any CPU.Build.0 = Debug|Any CPU
		{60C8FA18-DCFE-4FC4-8443-093950ED2FA0}.Release|Any CPU.ActiveCfg = Release|Any CPU
		{60C8FA18-DCFE-4FC4-8443-093950ED2FA0}.Release|Any CPU.Build.0 = Release|Any CPU
		{16FEE0CE-68F8-4222-861D-52596C326735}.Debug|Any CPU.ActiveCfg = Debug|Any CPU
		{16FEE0CE-68F8-4222-861D-52596C326735}.Debug|Any CPU.Build.0 = Debug|Any CPU
		{16FEE0CE-68F8-4222-861D-52596C326735}.Release|Any CPU.ActiveCfg = Release|Any CPU
		{16FEE0CE-68F8-4222-861D-52596C326735}.Release|Any CPU.Build.0 = Release|Any CPU
		{19674F70-AA17-4377-B595-366126DD3E1D}.Debug|Any CPU.ActiveCfg = Debug|Any CPU
		{19674F70-AA17-4377-B595-366126DD3E1D}.Debug|Any CPU.Build.0 = Debug|Any CPU
		{19674F70-AA17-4377-B595-366126DD3E1D}.Release|Any CPU.ActiveCfg = Release|Any CPU
		{19674F70-AA17-4377-B595-366126DD3E1D}.Release|Any CPU.Build.0 = Release|Any CPU
	EndGlobalSection
	GlobalSection(SolutionProperties) = preSolution
		HideSolutionNode = FALSE
	EndGlobalSection
	GlobalSection(ExtensibilityGlobals) = postSolution
		SolutionGuid = {0689D7E7-524D-4B83-89DB-6FDCA171D72E}
	EndGlobalSection
EndGlobal
