
Microsoft Visual Studio Solution File, Format Version 12.00
# Visual Studio Version 17
VisualStudioVersion = 17.9.34622.214
MinimumVisualStudioVersion = 10.0.40219.1
Project("{FAE04EC0-301F-11D3-BF4B-00C04F79EFBC}") = "NMP_Lession04Demo", "NMP_Lession04Demo\NMP_Lession04Demo.csproj", "{284F427B-A2D2-402A-B2F4-BE93B09E1F23}"
EndProject
Global
	GlobalSection(SolutionConfigurationPlatforms) = preSolution
		Debug|Any CPU = Debug|Any CPU
		Release|Any CPU = Release|Any CPU
	EndGlobalSection
	GlobalSection(ProjectConfigurationPlatforms) = postSolution
		{284F427B-A2D2-402A-B2F4-BE93B09E1F23}.Debug|Any CPU.ActiveCfg = Debug|Any CPU
		{284F427B-A2D2-402A-B2F4-BE93B09E1F23}.Debug|Any CPU.Build.0 = Debug|Any CPU
		{284F427B-A2D2-402A-B2F4-BE93B09E1F23}.Release|Any CPU.ActiveCfg = Release|Any CPU
		{284F427B-A2D2-402A-B2F4-BE93B09E1F23}.Release|Any CPU.Build.0 = Release|Any CPU
	EndGlobalSection
	GlobalSection(SolutionProperties) = preSolution
		HideSolutionNode = FALSE
	EndGlobalSection
	GlobalSection(ExtensibilityGlobals) = postSolution
		SolutionGuid = {33E79B0E-5693-4976-B72D-17DA43B6C2D3}
	EndGlobalSection
EndGlobal
