
Microsoft Visual Studio Solution File, Format Version 12.00
# Visual Studio Version 17
VisualStudioVersion = 17.10.34928.147
MinimumVisualStudioVersion = 10.0.40219.1
Project("{FAE04EC0-301F-11D3-BF4B-00C04F79EFBC}") = "NmpLesson6", "NmpLesson6\NmpLesson6.csproj", "{46C7B2AB-14FD-41CB-B003-2D0C73C91857}"
EndProject
Global
	GlobalSection(SolutionConfigurationPlatforms) = preSolution
		Debug|Any CPU = Debug|Any CPU
		Release|Any CPU = Release|Any CPU
	EndGlobalSection
	GlobalSection(ProjectConfigurationPlatforms) = postSolution
		{46C7B2AB-14FD-41CB-B003-2D0C73C91857}.Debug|Any CPU.ActiveCfg = Debug|Any CPU
		{46C7B2AB-14FD-41CB-B003-2D0C73C91857}.Debug|Any CPU.Build.0 = Debug|Any CPU
		{46C7B2AB-14FD-41CB-B003-2D0C73C91857}.Release|Any CPU.ActiveCfg = Release|Any CPU
		{46C7B2AB-14FD-41CB-B003-2D0C73C91857}.Release|Any CPU.Build.0 = Release|Any CPU
	EndGlobalSection
	GlobalSection(SolutionProperties) = preSolution
		HideSolutionNode = FALSE
	EndGlobalSection
	GlobalSection(ExtensibilityGlobals) = postSolution
		SolutionGuid = {BB964807-6B48-411C-9BC3-37B7CB978435}
	EndGlobalSection
EndGlobal
